
Microsoft Visual Studio Solution File, Format Version 12.00
# Visual Studio 14
VisualStudioVersion = 14.0.24720.0
MinimumVisualStudioVersion = 10.0.40219.1
Project("{FAE04EC0-301F-11D3-BF4B-00C04F79EFBC}") = "StorageSample", "StorageSample\StorageSample\StorageSample.csproj", "{7292AEF3-6AF1-4D98-BF15-8A48D1DCAAAB}"
EndProject
Project("{FAE04EC0-301F-11D3-BF4B-00C04F79EFBC}") = "StorageSample.iOS", "StorageSample\StorageSample.iOS\StorageSample.iOS.csproj", "{9C4CF18C-FFBA-4965-A5E2-F61D8C51AACA}"
EndProject
Project("{FAE04EC0-301F-11D3-BF4B-00C04F79EFBC}") = "StorageSample.Droid", "StorageSample\StorageSample.Droid\StorageSample.Droid.csproj", "{1F8526C1-C53E-44A4-B540-8BEB9F33FE39}"
EndProject
Project("{FAE04EC0-301F-11D3-BF4B-00C04F79EFBC}") = "StorageSample.WinPhone", "StorageSample\StorageSample.WinPhone\StorageSample.WinPhone.csproj", "{285C8EAD-D957-4C2A-A722-D8CF2FEE9960}"
EndProject
Project("{FAE04EC0-301F-11D3-BF4B-00C04F79EFBC}") = "StorageSample.WindowsPhone", "StorageSample\StorageSample.WindowsPhone\StorageSample.WindowsPhone.csproj", "{A68829D0-739A-4DA1-A4ED-5C213499CEFF}"
EndProject
Project("{FAE04EC0-301F-11D3-BF4B-00C04F79EFBC}") = "StorageSample.WindowsStore", "StorageSample\StorageSample.WindowsStore\StorageSample.WindowsStore.csproj", "{26FFAA47-6933-47B2-8960-913C5054BE89}"
EndProject
Global
	GlobalSection(SolutionConfigurationPlatforms) = preSolution
		Ad-Hoc|Any CPU = Ad-Hoc|Any CPU
		Ad-Hoc|ARM = Ad-Hoc|ARM
		Ad-Hoc|iPhone = Ad-Hoc|iPhone
		Ad-Hoc|iPhoneSimulator = Ad-Hoc|iPhoneSimulator
		Ad-Hoc|Mixed Platforms = Ad-Hoc|Mixed Platforms
		Ad-Hoc|x64 = Ad-Hoc|x64
		Ad-Hoc|x86 = Ad-Hoc|x86
		AppStore|Any CPU = AppStore|Any CPU
		AppStore|ARM = AppStore|ARM
		AppStore|iPhone = AppStore|iPhone
		AppStore|iPhoneSimulator = AppStore|iPhoneSimulator
		AppStore|Mixed Platforms = AppStore|Mixed Platforms
		AppStore|x64 = AppStore|x64
		AppStore|x86 = AppStore|x86
		Debug|Any CPU = Debug|Any CPU
		Debug|ARM = Debug|ARM
		Debug|iPhone = Debug|iPhone
		Debug|iPhoneSimulator = Debug|iPhoneSimulator
		Debug|Mixed Platforms = Debug|Mixed Platforms
		Debug|x64 = Debug|x64
		Debug|x86 = Debug|x86
		Release|Any CPU = Release|Any CPU
		Release|ARM = Release|ARM
		Release|iPhone = Release|iPhone
		Release|iPhoneSimulator = Release|iPhoneSimulator
		Release|Mixed Platforms = Release|Mixed Platforms
		Release|x64 = Release|x64
		Release|x86 = Release|x86
	EndGlobalSection
	GlobalSection(ProjectConfigurationPlatforms) = postSolution
		{7292AEF3-6AF1-4D98-BF15-8A48D1DCAAAB}.Ad-Hoc|Any CPU.ActiveCfg = Release|Any CPU
		{7292AEF3-6AF1-4D98-BF15-8A48D1DCAAAB}.Ad-Hoc|Any CPU.Build.0 = Release|Any CPU
		{7292AEF3-6AF1-4D98-BF15-8A48D1DCAAAB}.Ad-Hoc|ARM.ActiveCfg = Release|Any CPU
		{7292AEF3-6AF1-4D98-BF15-8A48D1DCAAAB}.Ad-Hoc|iPhone.ActiveCfg = Release|Any CPU
		{7292AEF3-6AF1-4D98-BF15-8A48D1DCAAAB}.Ad-Hoc|iPhoneSimulator.ActiveCfg = Release|Any CPU
		{7292AEF3-6AF1-4D98-BF15-8A48D1DCAAAB}.Ad-Hoc|Mixed Platforms.ActiveCfg = Release|Any CPU
		{7292AEF3-6AF1-4D98-BF15-8A48D1DCAAAB}.Ad-Hoc|Mixed Platforms.Build.0 = Release|Any CPU
		{7292AEF3-6AF1-4D98-BF15-8A48D1DCAAAB}.Ad-Hoc|x64.ActiveCfg = Release|Any CPU
		{7292AEF3-6AF1-4D98-BF15-8A48D1DCAAAB}.Ad-Hoc|x86.ActiveCfg = Release|Any CPU
		{7292AEF3-6AF1-4D98-BF15-8A48D1DCAAAB}.AppStore|Any CPU.ActiveCfg = Release|Any CPU
		{7292AEF3-6AF1-4D98-BF15-8A48D1DCAAAB}.AppStore|Any CPU.Build.0 = Release|Any CPU
		{7292AEF3-6AF1-4D98-BF15-8A48D1DCAAAB}.AppStore|ARM.ActiveCfg = Release|Any CPU
		{7292AEF3-6AF1-4D98-BF15-8A48D1DCAAAB}.AppStore|iPhone.ActiveCfg = Release|Any CPU
		{7292AEF3-6AF1-4D98-BF15-8A48D1DCAAAB}.AppStore|iPhoneSimulator.ActiveCfg = Release|Any CPU
		{7292AEF3-6AF1-4D98-BF15-8A48D1DCAAAB}.AppStore|Mixed Platforms.ActiveCfg = Release|Any CPU
		{7292AEF3-6AF1-4D98-BF15-8A48D1DCAAAB}.AppStore|Mixed Platforms.Build.0 = Release|Any CPU
		{7292AEF3-6AF1-4D98-BF15-8A48D1DCAAAB}.AppStore|x64.ActiveCfg = Release|Any CPU
		{7292AEF3-6AF1-4D98-BF15-8A48D1DCAAAB}.AppStore|x86.ActiveCfg = Release|Any CPU
		{7292AEF3-6AF1-4D98-BF15-8A48D1DCAAAB}.Debug|Any CPU.ActiveCfg = Debug|Any CPU
		{7292AEF3-6AF1-4D98-BF15-8A48D1DCAAAB}.Debug|Any CPU.Build.0 = Debug|Any CPU
		{7292AEF3-6AF1-4D98-BF15-8A48D1DCAAAB}.Debug|ARM.ActiveCfg = Debug|Any CPU
		{7292AEF3-6AF1-4D98-BF15-8A48D1DCAAAB}.Debug|iPhone.ActiveCfg = Debug|Any CPU
		{7292AEF3-6AF1-4D98-BF15-8A48D1DCAAAB}.Debug|iPhoneSimulator.ActiveCfg = Debug|Any CPU
		{7292AEF3-6AF1-4D98-BF15-8A48D1DCAAAB}.Debug|Mixed Platforms.ActiveCfg = Debug|Any CPU
		{7292AEF3-6AF1-4D98-BF15-8A48D1DCAAAB}.Debug|Mixed Platforms.Build.0 = Debug|Any CPU
		{7292AEF3-6AF1-4D98-BF15-8A48D1DCAAAB}.Debug|x64.ActiveCfg = Debug|Any CPU
		{7292AEF3-6AF1-4D98-BF15-8A48D1DCAAAB}.Debug|x86.ActiveCfg = Debug|Any CPU
		{7292AEF3-6AF1-4D98-BF15-8A48D1DCAAAB}.Release|Any CPU.ActiveCfg = Release|Any CPU
		{7292AEF3-6AF1-4D98-BF15-8A48D1DCAAAB}.Release|Any CPU.Build.0 = Release|Any CPU
		{7292AEF3-6AF1-4D98-BF15-8A48D1DCAAAB}.Release|ARM.ActiveCfg = Release|Any CPU
		{7292AEF3-6AF1-4D98-BF15-8A48D1DCAAAB}.Release|iPhone.ActiveCfg = Release|Any CPU
		{7292AEF3-6AF1-4D98-BF15-8A48D1DCAAAB}.Release|iPhoneSimulator.ActiveCfg = Release|Any CPU
		{7292AEF3-6AF1-4D98-BF15-8A48D1DCAAAB}.Release|Mixed Platforms.ActiveCfg = Release|Any CPU
		{7292AEF3-6AF1-4D98-BF15-8A48D1DCAAAB}.Release|Mixed Platforms.Build.0 = Release|Any CPU
		{7292AEF3-6AF1-4D98-BF15-8A48D1DCAAAB}.Release|x64.ActiveCfg = Release|Any CPU
		{7292AEF3-6AF1-4D98-BF15-8A48D1DCAAAB}.Release|x86.ActiveCfg = Release|Any CPU
		{9C4CF18C-FFBA-4965-A5E2-F61D8C51AACA}.Ad-Hoc|Any CPU.ActiveCfg = Ad-Hoc|iPhone
		{9C4CF18C-FFBA-4965-A5E2-F61D8C51AACA}.Ad-Hoc|ARM.ActiveCfg = Ad-Hoc|iPhone
		{9C4CF18C-FFBA-4965-A5E2-F61D8C51AACA}.Ad-Hoc|iPhone.ActiveCfg = Ad-Hoc|iPhone
		{9C4CF18C-FFBA-4965-A5E2-F61D8C51AACA}.Ad-Hoc|iPhone.Build.0 = Ad-Hoc|iPhone
		{9C4CF18C-FFBA-4965-A5E2-F61D8C51AACA}.Ad-Hoc|iPhoneSimulator.ActiveCfg = Ad-Hoc|iPhoneSimulator
		{9C4CF18C-FFBA-4965-A5E2-F61D8C51AACA}.Ad-Hoc|iPhoneSimulator.Build.0 = Ad-Hoc|iPhoneSimulator
		{9C4CF18C-FFBA-4965-A5E2-F61D8C51AACA}.Ad-Hoc|Mixed Platforms.ActiveCfg = Ad-Hoc|iPhone
		{9C4CF18C-FFBA-4965-A5E2-F61D8C51AACA}.Ad-Hoc|Mixed Platforms.Build.0 = Ad-Hoc|iPhone
		{9C4CF18C-FFBA-4965-A5E2-F61D8C51AACA}.Ad-Hoc|x64.ActiveCfg = Ad-Hoc|iPhone
		{9C4CF18C-FFBA-4965-A5E2-F61D8C51AACA}.Ad-Hoc|x86.ActiveCfg = Ad-Hoc|iPhone
		{9C4CF18C-FFBA-4965-A5E2-F61D8C51AACA}.AppStore|Any CPU.ActiveCfg = AppStore|iPhone
		{9C4CF18C-FFBA-4965-A5E2-F61D8C51AACA}.AppStore|ARM.ActiveCfg = AppStore|iPhone
		{9C4CF18C-FFBA-4965-A5E2-F61D8C51AACA}.AppStore|iPhone.ActiveCfg = AppStore|iPhone
		{9C4CF18C-FFBA-4965-A5E2-F61D8C51AACA}.AppStore|iPhone.Build.0 = AppStore|iPhone
		{9C4CF18C-FFBA-4965-A5E2-F61D8C51AACA}.AppStore|iPhoneSimulator.ActiveCfg = AppStore|iPhoneSimulator
		{9C4CF18C-FFBA-4965-A5E2-F61D8C51AACA}.AppStore|iPhoneSimulator.Build.0 = AppStore|iPhoneSimulator
		{9C4CF18C-FFBA-4965-A5E2-F61D8C51AACA}.AppStore|Mixed Platforms.ActiveCfg = AppStore|iPhone
		{9C4CF18C-FFBA-4965-A5E2-F61D8C51AACA}.AppStore|Mixed Platforms.Build.0 = AppStore|iPhone
		{9C4CF18C-FFBA-4965-A5E2-F61D8C51AACA}.AppStore|x64.ActiveCfg = AppStore|iPhone
		{9C4CF18C-FFBA-4965-A5E2-F61D8C51AACA}.AppStore|x86.ActiveCfg = AppStore|iPhone
		{9C4CF18C-FFBA-4965-A5E2-F61D8C51AACA}.Debug|Any CPU.ActiveCfg = Debug|iPhoneSimulator
		{9C4CF18C-FFBA-4965-A5E2-F61D8C51AACA}.Debug|Any CPU.Build.0 = Debug|iPhoneSimulator
		{9C4CF18C-FFBA-4965-A5E2-F61D8C51AACA}.Debug|ARM.ActiveCfg = Debug|iPhone
		{9C4CF18C-FFBA-4965-A5E2-F61D8C51AACA}.Debug|iPhone.ActiveCfg = Debug|iPhone
		{9C4CF18C-FFBA-4965-A5E2-F61D8C51AACA}.Debug|iPhone.Build.0 = Debug|iPhone
		{9C4CF18C-FFBA-4965-A5E2-F61D8C51AACA}.Debug|iPhoneSimulator.ActiveCfg = Debug|iPhoneSimulator
		{9C4CF18C-FFBA-4965-A5E2-F61D8C51AACA}.Debug|iPhoneSimulator.Build.0 = Debug|iPhoneSimulator
		{9C4CF18C-FFBA-4965-A5E2-F61D8C51AACA}.Debug|Mixed Platforms.ActiveCfg = Debug|iPhone
		{9C4CF18C-FFBA-4965-A5E2-F61D8C51AACA}.Debug|Mixed Platforms.Build.0 = Debug|iPhone
		{9C4CF18C-FFBA-4965-A5E2-F61D8C51AACA}.Debug|x64.ActiveCfg = Debug|iPhone
		{9C4CF18C-FFBA-4965-A5E2-F61D8C51AACA}.Debug|x86.ActiveCfg = Debug|iPhone
		{9C4CF18C-FFBA-4965-A5E2-F61D8C51AACA}.Release|Any CPU.ActiveCfg = Release|iPhone
		{9C4CF18C-FFBA-4965-A5E2-F61D8C51AACA}.Release|ARM.ActiveCfg = Release|iPhone
		{9C4CF18C-FFBA-4965-A5E2-F61D8C51AACA}.Release|iPhone.ActiveCfg = Release|iPhone
		{9C4CF18C-FFBA-4965-A5E2-F61D8C51AACA}.Release|iPhone.Build.0 = Release|iPhone
		{9C4CF18C-FFBA-4965-A5E2-F61D8C51AACA}.Release|iPhoneSimulator.ActiveCfg = Release|iPhoneSimulator
		{9C4CF18C-FFBA-4965-A5E2-F61D8C51AACA}.Release|iPhoneSimulator.Build.0 = Release|iPhoneSimulator
		{9C4CF18C-FFBA-4965-A5E2-F61D8C51AACA}.Release|Mixed Platforms.ActiveCfg = Release|iPhone
		{9C4CF18C-FFBA-4965-A5E2-F61D8C51AACA}.Release|Mixed Platforms.Build.0 = Release|iPhone
		{9C4CF18C-FFBA-4965-A5E2-F61D8C51AACA}.Release|x64.ActiveCfg = Release|iPhone
		{9C4CF18C-FFBA-4965-A5E2-F61D8C51AACA}.Release|x86.ActiveCfg = Release|iPhone
		{1F8526C1-C53E-44A4-B540-8BEB9F33FE39}.Ad-Hoc|Any CPU.ActiveCfg = Release|Any CPU
		{1F8526C1-C53E-44A4-B540-8BEB9F33FE39}.Ad-Hoc|Any CPU.Build.0 = Release|Any CPU
		{1F8526C1-C53E-44A4-B540-8BEB9F33FE39}.Ad-Hoc|Any CPU.Deploy.0 = Release|Any CPU
		{1F8526C1-C53E-44A4-B540-8BEB9F33FE39}.Ad-Hoc|ARM.ActiveCfg = Release|Any CPU
		{1F8526C1-C53E-44A4-B540-8BEB9F33FE39}.Ad-Hoc|iPhone.ActiveCfg = Release|Any CPU
		{1F8526C1-C53E-44A4-B540-8BEB9F33FE39}.Ad-Hoc|iPhoneSimulator.ActiveCfg = Release|Any CPU
		{1F8526C1-C53E-44A4-B540-8BEB9F33FE39}.Ad-Hoc|Mixed Platforms.ActiveCfg = Release|Any CPU
		{1F8526C1-C53E-44A4-B540-8BEB9F33FE39}.Ad-Hoc|Mixed Platforms.Build.0 = Release|Any CPU
		{1F8526C1-C53E-44A4-B540-8BEB9F33FE39}.Ad-Hoc|Mixed Platforms.Deploy.0 = Release|Any CPU
		{1F8526C1-C53E-44A4-B540-8BEB9F33FE39}.Ad-Hoc|x64.ActiveCfg = Release|Any CPU
		{1F8526C1-C53E-44A4-B540-8BEB9F33FE39}.Ad-Hoc|x86.ActiveCfg = Release|Any CPU
		{1F8526C1-C53E-44A4-B540-8BEB9F33FE39}.AppStore|Any CPU.ActiveCfg = Release|Any CPU
		{1F8526C1-C53E-44A4-B540-8BEB9F33FE39}.AppStore|Any CPU.Build.0 = Release|Any CPU
		{1F8526C1-C53E-44A4-B540-8BEB9F33FE39}.AppStore|Any CPU.Deploy.0 = Release|Any CPU
		{1F8526C1-C53E-44A4-B540-8BEB9F33FE39}.AppStore|ARM.ActiveCfg = Release|Any CPU
		{1F8526C1-C53E-44A4-B540-8BEB9F33FE39}.AppStore|iPhone.ActiveCfg = Release|Any CPU
		{1F8526C1-C53E-44A4-B540-8BEB9F33FE39}.AppStore|iPhoneSimulator.ActiveCfg = Release|Any CPU
		{1F8526C1-C53E-44A4-B540-8BEB9F33FE39}.AppStore|Mixed Platforms.ActiveCfg = Release|Any CPU
		{1F8526C1-C53E-44A4-B540-8BEB9F33FE39}.AppStore|Mixed Platforms.Build.0 = Release|Any CPU
		{1F8526C1-C53E-44A4-B540-8BEB9F33FE39}.AppStore|Mixed Platforms.Deploy.0 = Release|Any CPU
		{1F8526C1-C53E-44A4-B540-8BEB9F33FE39}.AppStore|x64.ActiveCfg = Release|Any CPU
		{1F8526C1-C53E-44A4-B540-8BEB9F33FE39}.AppStore|x86.ActiveCfg = Release|Any CPU
		{1F8526C1-C53E-44A4-B540-8BEB9F33FE39}.Debug|Any CPU.ActiveCfg = Debug|Any CPU
		{1F8526C1-C53E-44A4-B540-8BEB9F33FE39}.Debug|Any CPU.Build.0 = Debug|Any CPU
		{1F8526C1-C53E-44A4-B540-8BEB9F33FE39}.Debug|Any CPU.Deploy.0 = Debug|Any CPU
		{1F8526C1-C53E-44A4-B540-8BEB9F33FE39}.Debug|ARM.ActiveCfg = Debug|Any CPU
		{1F8526C1-C53E-44A4-B540-8BEB9F33FE39}.Debug|iPhone.ActiveCfg = Debug|Any CPU
		{1F8526C1-C53E-44A4-B540-8BEB9F33FE39}.Debug|iPhoneSimulator.ActiveCfg = Debug|Any CPU
		{1F8526C1-C53E-44A4-B540-8BEB9F33FE39}.Debug|Mixed Platforms.ActiveCfg = Debug|Any CPU
		{1F8526C1-C53E-44A4-B540-8BEB9F33FE39}.Debug|Mixed Platforms.Build.0 = Debug|Any CPU
		{1F8526C1-C53E-44A4-B540-8BEB9F33FE39}.Debug|Mixed Platforms.Deploy.0 = Debug|Any CPU
		{1F8526C1-C53E-44A4-B540-8BEB9F33FE39}.Debug|x64.ActiveCfg = Debug|Any CPU
		{1F8526C1-C53E-44A4-B540-8BEB9F33FE39}.Debug|x86.ActiveCfg = Debug|Any CPU
		{1F8526C1-C53E-44A4-B540-8BEB9F33FE39}.Release|Any CPU.ActiveCfg = Release|Any CPU
		{1F8526C1-C53E-44A4-B540-8BEB9F33FE39}.Release|Any CPU.Build.0 = Release|Any CPU
		{1F8526C1-C53E-44A4-B540-8BEB9F33FE39}.Release|Any CPU.Deploy.0 = Release|Any CPU
		{1F8526C1-C53E-44A4-B540-8BEB9F33FE39}.Release|ARM.ActiveCfg = Release|Any CPU
		{1F8526C1-C53E-44A4-B540-8BEB9F33FE39}.Release|iPhone.ActiveCfg = Release|Any CPU
		{1F8526C1-C53E-44A4-B540-8BEB9F33FE39}.Release|iPhoneSimulator.ActiveCfg = Release|Any CPU
		{1F8526C1-C53E-44A4-B540-8BEB9F33FE39}.Release|Mixed Platforms.ActiveCfg = Release|Any CPU
		{1F8526C1-C53E-44A4-B540-8BEB9F33FE39}.Release|Mixed Platforms.Build.0 = Release|Any CPU
		{1F8526C1-C53E-44A4-B540-8BEB9F33FE39}.Release|Mixed Platforms.Deploy.0 = Release|Any CPU
		{1F8526C1-C53E-44A4-B540-8BEB9F33FE39}.Release|x64.ActiveCfg = Release|Any CPU
		{1F8526C1-C53E-44A4-B540-8BEB9F33FE39}.Release|x86.ActiveCfg = Release|Any CPU
		{285C8EAD-D957-4C2A-A722-D8CF2FEE9960}.Ad-Hoc|Any CPU.ActiveCfg = Release|Any CPU
		{285C8EAD-D957-4C2A-A722-D8CF2FEE9960}.Ad-Hoc|Any CPU.Build.0 = Release|Any CPU
		{285C8EAD-D957-4C2A-A722-D8CF2FEE9960}.Ad-Hoc|Any CPU.Deploy.0 = Release|Any CPU
		{285C8EAD-D957-4C2A-A722-D8CF2FEE9960}.Ad-Hoc|ARM.ActiveCfg = Release|ARM
		{285C8EAD-D957-4C2A-A722-D8CF2FEE9960}.Ad-Hoc|ARM.Build.0 = Release|ARM
		{285C8EAD-D957-4C2A-A722-D8CF2FEE9960}.Ad-Hoc|ARM.Deploy.0 = Release|ARM
		{285C8EAD-D957-4C2A-A722-D8CF2FEE9960}.Ad-Hoc|iPhone.ActiveCfg = Release|Any CPU
		{285C8EAD-D957-4C2A-A722-D8CF2FEE9960}.Ad-Hoc|iPhoneSimulator.ActiveCfg = Release|Any CPU
		{285C8EAD-D957-4C2A-A722-D8CF2FEE9960}.Ad-Hoc|Mixed Platforms.ActiveCfg = Release|x86
		{285C8EAD-D957-4C2A-A722-D8CF2FEE9960}.Ad-Hoc|Mixed Platforms.Build.0 = Release|x86
		{285C8EAD-D957-4C2A-A722-D8CF2FEE9960}.Ad-Hoc|Mixed Platforms.Deploy.0 = Release|x86
		{285C8EAD-D957-4C2A-A722-D8CF2FEE9960}.Ad-Hoc|x64.ActiveCfg = Release|Any CPU
		{285C8EAD-D957-4C2A-A722-D8CF2FEE9960}.Ad-Hoc|x86.ActiveCfg = Release|x86
		{285C8EAD-D957-4C2A-A722-D8CF2FEE9960}.Ad-Hoc|x86.Build.0 = Release|x86
		{285C8EAD-D957-4C2A-A722-D8CF2FEE9960}.Ad-Hoc|x86.Deploy.0 = Release|x86
		{285C8EAD-D957-4C2A-A722-D8CF2FEE9960}.AppStore|Any CPU.ActiveCfg = Release|Any CPU
		{285C8EAD-D957-4C2A-A722-D8CF2FEE9960}.AppStore|Any CPU.Build.0 = Release|Any CPU
		{285C8EAD-D957-4C2A-A722-D8CF2FEE9960}.AppStore|Any CPU.Deploy.0 = Release|Any CPU
		{285C8EAD-D957-4C2A-A722-D8CF2FEE9960}.AppStore|ARM.ActiveCfg = Release|ARM
		{285C8EAD-D957-4C2A-A722-D8CF2FEE9960}.AppStore|ARM.Build.0 = Release|ARM
		{285C8EAD-D957-4C2A-A722-D8CF2FEE9960}.AppStore|ARM.Deploy.0 = Release|ARM
		{285C8EAD-D957-4C2A-A722-D8CF2FEE9960}.AppStore|iPhone.ActiveCfg = Release|Any CPU
		{285C8EAD-D957-4C2A-A722-D8CF2FEE9960}.AppStore|iPhoneSimulator.ActiveCfg = Release|Any CPU
		{285C8EAD-D957-4C2A-A722-D8CF2FEE9960}.AppStore|Mixed Platforms.ActiveCfg = Release|x86
		{285C8EAD-D957-4C2A-A722-D8CF2FEE9960}.AppStore|Mixed Platforms.Build.0 = Release|x86
		{285C8EAD-D957-4C2A-A722-D8CF2FEE9960}.AppStore|Mixed Platforms.Deploy.0 = Release|x86
		{285C8EAD-D957-4C2A-A722-D8CF2FEE9960}.AppStore|x64.ActiveCfg = Release|Any CPU
		{285C8EAD-D957-4C2A-A722-D8CF2FEE9960}.AppStore|x86.ActiveCfg = Release|x86
		{285C8EAD-D957-4C2A-A722-D8CF2FEE9960}.AppStore|x86.Build.0 = Release|x86
		{285C8EAD-D957-4C2A-A722-D8CF2FEE9960}.AppStore|x86.Deploy.0 = Release|x86
		{285C8EAD-D957-4C2A-A722-D8CF2FEE9960}.Debug|Any CPU.ActiveCfg = Debug|Any CPU
		{285C8EAD-D957-4C2A-A722-D8CF2FEE9960}.Debug|Any CPU.Build.0 = Debug|Any CPU
		{285C8EAD-D957-4C2A-A722-D8CF2FEE9960}.Debug|Any CPU.Deploy.0 = Debug|Any CPU
		{285C8EAD-D957-4C2A-A722-D8CF2FEE9960}.Debug|ARM.ActiveCfg = Debug|ARM
		{285C8EAD-D957-4C2A-A722-D8CF2FEE9960}.Debug|ARM.Build.0 = Debug|ARM
		{285C8EAD-D957-4C2A-A722-D8CF2FEE9960}.Debug|ARM.Deploy.0 = Debug|ARM
		{285C8EAD-D957-4C2A-A722-D8CF2FEE9960}.Debug|iPhone.ActiveCfg = Debug|Any CPU
		{285C8EAD-D957-4C2A-A722-D8CF2FEE9960}.Debug|iPhoneSimulator.ActiveCfg = Debug|Any CPU
		{285C8EAD-D957-4C2A-A722-D8CF2FEE9960}.Debug|Mixed Platforms.ActiveCfg = Debug|x86
		{285C8EAD-D957-4C2A-A722-D8CF2FEE9960}.Debug|Mixed Platforms.Build.0 = Debug|x86
		{285C8EAD-D957-4C2A-A722-D8CF2FEE9960}.Debug|Mixed Platforms.Deploy.0 = Debug|x86
		{285C8EAD-D957-4C2A-A722-D8CF2FEE9960}.Debug|x64.ActiveCfg = Debug|Any CPU
		{285C8EAD-D957-4C2A-A722-D8CF2FEE9960}.Debug|x86.ActiveCfg = Debug|x86
		{285C8EAD-D957-4C2A-A722-D8CF2FEE9960}.Debug|x86.Build.0 = Debug|x86
		{285C8EAD-D957-4C2A-A722-D8CF2FEE9960}.Debug|x86.Deploy.0 = Debug|x86
		{285C8EAD-D957-4C2A-A722-D8CF2FEE9960}.Release|Any CPU.ActiveCfg = Release|Any CPU
		{285C8EAD-D957-4C2A-A722-D8CF2FEE9960}.Release|Any CPU.Build.0 = Release|Any CPU
		{285C8EAD-D957-4C2A-A722-D8CF2FEE9960}.Release|Any CPU.Deploy.0 = Release|Any CPU
		{285C8EAD-D957-4C2A-A722-D8CF2FEE9960}.Release|ARM.ActiveCfg = Release|ARM
		{285C8EAD-D957-4C2A-A722-D8CF2FEE9960}.Release|ARM.Build.0 = Release|ARM
		{285C8EAD-D957-4C2A-A722-D8CF2FEE9960}.Release|ARM.Deploy.0 = Release|ARM
		{285C8EAD-D957-4C2A-A722-D8CF2FEE9960}.Release|iPhone.ActiveCfg = Release|Any CPU
		{285C8EAD-D957-4C2A-A722-D8CF2FEE9960}.Release|iPhoneSimulator.ActiveCfg = Release|Any CPU
		{285C8EAD-D957-4C2A-A722-D8CF2FEE9960}.Release|Mixed Platforms.ActiveCfg = Release|x86
		{285C8EAD-D957-4C2A-A722-D8CF2FEE9960}.Release|Mixed Platforms.Build.0 = Release|x86
		{285C8EAD-D957-4C2A-A722-D8CF2FEE9960}.Release|Mixed Platforms.Deploy.0 = Release|x86
		{285C8EAD-D957-4C2A-A722-D8CF2FEE9960}.Release|x64.ActiveCfg = Release|Any CPU
		{285C8EAD-D957-4C2A-A722-D8CF2FEE9960}.Release|x86.ActiveCfg = Release|x86
		{285C8EAD-D957-4C2A-A722-D8CF2FEE9960}.Release|x86.Build.0 = Release|x86
		{285C8EAD-D957-4C2A-A722-D8CF2FEE9960}.Release|x86.Deploy.0 = Release|x86
		{A68829D0-739A-4DA1-A4ED-5C213499CEFF}.Ad-Hoc|Any CPU.ActiveCfg = Release|Any CPU
		{A68829D0-739A-4DA1-A4ED-5C213499CEFF}.Ad-Hoc|Any CPU.Build.0 = Release|Any CPU
		{A68829D0-739A-4DA1-A4ED-5C213499CEFF}.Ad-Hoc|Any CPU.Deploy.0 = Release|Any CPU
		{A68829D0-739A-4DA1-A4ED-5C213499CEFF}.Ad-Hoc|ARM.ActiveCfg = Release|ARM
		{A68829D0-739A-4DA1-A4ED-5C213499CEFF}.Ad-Hoc|ARM.Build.0 = Release|ARM
		{A68829D0-739A-4DA1-A4ED-5C213499CEFF}.Ad-Hoc|ARM.Deploy.0 = Release|ARM
		{A68829D0-739A-4DA1-A4ED-5C213499CEFF}.Ad-Hoc|iPhone.ActiveCfg = Release|Any CPU
		{A68829D0-739A-4DA1-A4ED-5C213499CEFF}.Ad-Hoc|iPhoneSimulator.ActiveCfg = Release|Any CPU
		{A68829D0-739A-4DA1-A4ED-5C213499CEFF}.Ad-Hoc|Mixed Platforms.ActiveCfg = Release|x86
		{A68829D0-739A-4DA1-A4ED-5C213499CEFF}.Ad-Hoc|Mixed Platforms.Build.0 = Release|x86
		{A68829D0-739A-4DA1-A4ED-5C213499CEFF}.Ad-Hoc|Mixed Platforms.Deploy.0 = Release|x86
		{A68829D0-739A-4DA1-A4ED-5C213499CEFF}.Ad-Hoc|x64.ActiveCfg = Release|Any CPU
		{A68829D0-739A-4DA1-A4ED-5C213499CEFF}.Ad-Hoc|x86.ActiveCfg = Release|x86
		{A68829D0-739A-4DA1-A4ED-5C213499CEFF}.Ad-Hoc|x86.Build.0 = Release|x86
		{A68829D0-739A-4DA1-A4ED-5C213499CEFF}.Ad-Hoc|x86.Deploy.0 = Release|x86
		{A68829D0-739A-4DA1-A4ED-5C213499CEFF}.AppStore|Any CPU.ActiveCfg = Release|Any CPU
		{A68829D0-739A-4DA1-A4ED-5C213499CEFF}.AppStore|Any CPU.Build.0 = Release|Any CPU
		{A68829D0-739A-4DA1-A4ED-5C213499CEFF}.AppStore|Any CPU.Deploy.0 = Release|Any CPU
		{A68829D0-739A-4DA1-A4ED-5C213499CEFF}.AppStore|ARM.ActiveCfg = Release|ARM
		{A68829D0-739A-4DA1-A4ED-5C213499CEFF}.AppStore|ARM.Build.0 = Release|ARM
		{A68829D0-739A-4DA1-A4ED-5C213499CEFF}.AppStore|ARM.Deploy.0 = Release|ARM
		{A68829D0-739A-4DA1-A4ED-5C213499CEFF}.AppStore|iPhone.ActiveCfg = Release|Any CPU
		{A68829D0-739A-4DA1-A4ED-5C213499CEFF}.AppStore|iPhoneSimulator.ActiveCfg = Release|Any CPU
		{A68829D0-739A-4DA1-A4ED-5C213499CEFF}.AppStore|Mixed Platforms.ActiveCfg = Release|x86
		{A68829D0-739A-4DA1-A4ED-5C213499CEFF}.AppStore|Mixed Platforms.Build.0 = Release|x86
		{A68829D0-739A-4DA1-A4ED-5C213499CEFF}.AppStore|Mixed Platforms.Deploy.0 = Release|x86
		{A68829D0-739A-4DA1-A4ED-5C213499CEFF}.AppStore|x64.ActiveCfg = Release|Any CPU
		{A68829D0-739A-4DA1-A4ED-5C213499CEFF}.AppStore|x86.ActiveCfg = Release|x86
		{A68829D0-739A-4DA1-A4ED-5C213499CEFF}.AppStore|x86.Build.0 = Release|x86
		{A68829D0-739A-4DA1-A4ED-5C213499CEFF}.AppStore|x86.Deploy.0 = Release|x86
		{A68829D0-739A-4DA1-A4ED-5C213499CEFF}.Debug|Any CPU.ActiveCfg = Debug|Any CPU
		{A68829D0-739A-4DA1-A4ED-5C213499CEFF}.Debug|Any CPU.Build.0 = Debug|Any CPU
		{A68829D0-739A-4DA1-A4ED-5C213499CEFF}.Debug|Any CPU.Deploy.0 = Debug|Any CPU
		{A68829D0-739A-4DA1-A4ED-5C213499CEFF}.Debug|ARM.ActiveCfg = Debug|ARM
		{A68829D0-739A-4DA1-A4ED-5C213499CEFF}.Debug|ARM.Build.0 = Debug|ARM
		{A68829D0-739A-4DA1-A4ED-5C213499CEFF}.Debug|ARM.Deploy.0 = Debug|ARM
		{A68829D0-739A-4DA1-A4ED-5C213499CEFF}.Debug|iPhone.ActiveCfg = Debug|Any CPU
		{A68829D0-739A-4DA1-A4ED-5C213499CEFF}.Debug|iPhoneSimulator.ActiveCfg = Debug|Any CPU
		{A68829D0-739A-4DA1-A4ED-5C213499CEFF}.Debug|Mixed Platforms.ActiveCfg = Debug|x86
		{A68829D0-739A-4DA1-A4ED-5C213499CEFF}.Debug|Mixed Platforms.Build.0 = Debug|x86
		{A68829D0-739A-4DA1-A4ED-5C213499CEFF}.Debug|Mixed Platforms.Deploy.0 = Debug|x86
		{A68829D0-739A-4DA1-A4ED-5C213499CEFF}.Debug|x64.ActiveCfg = Debug|Any CPU
		{A68829D0-739A-4DA1-A4ED-5C213499CEFF}.Debug|x86.ActiveCfg = Debug|x86
		{A68829D0-739A-4DA1-A4ED-5C213499CEFF}.Debug|x86.Build.0 = Debug|x86
		{A68829D0-739A-4DA1-A4ED-5C213499CEFF}.Debug|x86.Deploy.0 = Debug|x86
		{A68829D0-739A-4DA1-A4ED-5C213499CEFF}.Release|Any CPU.ActiveCfg = Release|Any CPU
		{A68829D0-739A-4DA1-A4ED-5C213499CEFF}.Release|Any CPU.Build.0 = Release|Any CPU
		{A68829D0-739A-4DA1-A4ED-5C213499CEFF}.Release|Any CPU.Deploy.0 = Release|Any CPU
		{A68829D0-739A-4DA1-A4ED-5C213499CEFF}.Release|ARM.ActiveCfg = Release|ARM
		{A68829D0-739A-4DA1-A4ED-5C213499CEFF}.Release|ARM.Build.0 = Release|ARM
		{A68829D0-739A-4DA1-A4ED-5C213499CEFF}.Release|ARM.Deploy.0 = Release|ARM
		{A68829D0-739A-4DA1-A4ED-5C213499CEFF}.Release|iPhone.ActiveCfg = Release|Any CPU
		{A68829D0-739A-4DA1-A4ED-5C213499CEFF}.Release|iPhoneSimulator.ActiveCfg = Release|Any CPU
		{A68829D0-739A-4DA1-A4ED-5C213499CEFF}.Release|Mixed Platforms.ActiveCfg = Release|x86
		{A68829D0-739A-4DA1-A4ED-5C213499CEFF}.Release|Mixed Platforms.Build.0 = Release|x86
		{A68829D0-739A-4DA1-A4ED-5C213499CEFF}.Release|Mixed Platforms.Deploy.0 = Release|x86
		{A68829D0-739A-4DA1-A4ED-5C213499CEFF}.Release|x64.ActiveCfg = Release|Any CPU
		{A68829D0-739A-4DA1-A4ED-5C213499CEFF}.Release|x86.ActiveCfg = Release|x86
		{A68829D0-739A-4DA1-A4ED-5C213499CEFF}.Release|x86.Build.0 = Release|x86
		{A68829D0-739A-4DA1-A4ED-5C213499CEFF}.Release|x86.Deploy.0 = Release|x86
		{26FFAA47-6933-47B2-8960-913C5054BE89}.Ad-Hoc|Any CPU.ActiveCfg = Release|Any CPU
		{26FFAA47-6933-47B2-8960-913C5054BE89}.Ad-Hoc|Any CPU.Build.0 = Release|Any CPU
		{26FFAA47-6933-47B2-8960-913C5054BE89}.Ad-Hoc|Any CPU.Deploy.0 = Release|Any CPU
		{26FFAA47-6933-47B2-8960-913C5054BE89}.Ad-Hoc|ARM.ActiveCfg = Release|ARM
		{26FFAA47-6933-47B2-8960-913C5054BE89}.Ad-Hoc|ARM.Build.0 = Release|ARM
		{26FFAA47-6933-47B2-8960-913C5054BE89}.Ad-Hoc|ARM.Deploy.0 = Release|ARM
		{26FFAA47-6933-47B2-8960-913C5054BE89}.Ad-Hoc|iPhone.ActiveCfg = Release|Any CPU
		{26FFAA47-6933-47B2-8960-913C5054BE89}.Ad-Hoc|iPhoneSimulator.ActiveCfg = Release|Any CPU
		{26FFAA47-6933-47B2-8960-913C5054BE89}.Ad-Hoc|Mixed Platforms.ActiveCfg = Release|x86
		{26FFAA47-6933-47B2-8960-913C5054BE89}.Ad-Hoc|Mixed Platforms.Build.0 = Release|x86
		{26FFAA47-6933-47B2-8960-913C5054BE89}.Ad-Hoc|Mixed Platforms.Deploy.0 = Release|x86
		{26FFAA47-6933-47B2-8960-913C5054BE89}.Ad-Hoc|x64.ActiveCfg = Release|x64
		{26FFAA47-6933-47B2-8960-913C5054BE89}.Ad-Hoc|x64.Build.0 = Release|x64
		{26FFAA47-6933-47B2-8960-913C5054BE89}.Ad-Hoc|x64.Deploy.0 = Release|x64
		{26FFAA47-6933-47B2-8960-913C5054BE89}.Ad-Hoc|x86.ActiveCfg = Release|x86
		{26FFAA47-6933-47B2-8960-913C5054BE89}.Ad-Hoc|x86.Build.0 = Release|x86
		{26FFAA47-6933-47B2-8960-913C5054BE89}.Ad-Hoc|x86.Deploy.0 = Release|x86
		{26FFAA47-6933-47B2-8960-913C5054BE89}.AppStore|Any CPU.ActiveCfg = Release|Any CPU
		{26FFAA47-6933-47B2-8960-913C5054BE89}.AppStore|Any CPU.Build.0 = Release|Any CPU
		{26FFAA47-6933-47B2-8960-913C5054BE89}.AppStore|Any CPU.Deploy.0 = Release|Any CPU
		{26FFAA47-6933-47B2-8960-913C5054BE89}.AppStore|ARM.ActiveCfg = Release|ARM
		{26FFAA47-6933-47B2-8960-913C5054BE89}.AppStore|ARM.Build.0 = Release|ARM
		{26FFAA47-6933-47B2-8960-913C5054BE89}.AppStore|ARM.Deploy.0 = Release|ARM
		{26FFAA47-6933-47B2-8960-913C5054BE89}.AppStore|iPhone.ActiveCfg = Release|Any CPU
		{26FFAA47-6933-47B2-8960-913C5054BE89}.AppStore|iPhoneSimulator.ActiveCfg = Release|Any CPU
		{26FFAA47-6933-47B2-8960-913C5054BE89}.AppStore|Mixed Platforms.ActiveCfg = Release|x86
		{26FFAA47-6933-47B2-8960-913C5054BE89}.AppStore|Mixed Platforms.Build.0 = Release|x86
		{26FFAA47-6933-47B2-8960-913C5054BE89}.AppStore|Mixed Platforms.Deploy.0 = Release|x86
		{26FFAA47-6933-47B2-8960-913C5054BE89}.AppStore|x64.ActiveCfg = Release|x64
		{26FFAA47-6933-47B2-8960-913C5054BE89}.AppStore|x64.Build.0 = Release|x64
		{26FFAA47-6933-47B2-8960-913C5054BE89}.AppStore|x64.Deploy.0 = Release|x64
		{26FFAA47-6933-47B2-8960-913C5054BE89}.AppStore|x86.ActiveCfg = Release|x86
		{26FFAA47-6933-47B2-8960-913C5054BE89}.AppStore|x86.Build.0 = Release|x86
		{26FFAA47-6933-47B2-8960-913C5054BE89}.AppStore|x86.Deploy.0 = Release|x86
		{26FFAA47-6933-47B2-8960-913C5054BE89}.Debug|Any CPU.ActiveCfg = Debug|Any CPU
		{26FFAA47-6933-47B2-8960-913C5054BE89}.Debug|Any CPU.Build.0 = Debug|Any CPU
		{26FFAA47-6933-47B2-8960-913C5054BE89}.Debug|Any CPU.Deploy.0 = Debug|Any CPU
		{26FFAA47-6933-47B2-8960-913C5054BE89}.Debug|ARM.ActiveCfg = Debug|ARM
		{26FFAA47-6933-47B2-8960-913C5054BE89}.Debug|ARM.Build.0 = Debug|ARM
		{26FFAA47-6933-47B2-8960-913C5054BE89}.Debug|ARM.Deploy.0 = Debug|ARM
		{26FFAA47-6933-47B2-8960-913C5054BE89}.Debug|iPhone.ActiveCfg = Debug|Any CPU
		{26FFAA47-6933-47B2-8960-913C5054BE89}.Debug|iPhoneSimulator.ActiveCfg = Debug|Any CPU
		{26FFAA47-6933-47B2-8960-913C5054BE89}.Debug|Mixed Platforms.ActiveCfg = Debug|x86
		{26FFAA47-6933-47B2-8960-913C5054BE89}.Debug|Mixed Platforms.Build.0 = Debug|x86
		{26FFAA47-6933-47B2-8960-913C5054BE89}.Debug|Mixed Platforms.Deploy.0 = Debug|x86
		{26FFAA47-6933-47B2-8960-913C5054BE89}.Debug|x64.ActiveCfg = Debug|x64
		{26FFAA47-6933-47B2-8960-913C5054BE89}.Debug|x64.Build.0 = Debug|x64
		{26FFAA47-6933-47B2-8960-913C5054BE89}.Debug|x64.Deploy.0 = Debug|x64
		{26FFAA47-6933-47B2-8960-913C5054BE89}.Debug|x86.ActiveCfg = Debug|x86
		{26FFAA47-6933-47B2-8960-913C5054BE89}.Debug|x86.Build.0 = Debug|x86
		{26FFAA47-6933-47B2-8960-913C5054BE89}.Debug|x86.Deploy.0 = Debug|x86
		{26FFAA47-6933-47B2-8960-913C5054BE89}.Release|Any CPU.ActiveCfg = Release|Any CPU
		{26FFAA47-6933-47B2-8960-913C5054BE89}.Release|Any CPU.Build.0 = Release|Any CPU
		{26FFAA47-6933-47B2-8960-913C5054BE89}.Release|Any CPU.Deploy.0 = Release|Any CPU
		{26FFAA47-6933-47B2-8960-913C5054BE89}.Release|ARM.ActiveCfg = Release|ARM
		{26FFAA47-6933-47B2-8960-913C5054BE89}.Release|ARM.Build.0 = Release|ARM
		{26FFAA47-6933-47B2-8960-913C5054BE89}.Release|ARM.Deploy.0 = Release|ARM
		{26FFAA47-6933-47B2-8960-913C5054BE89}.Release|iPhone.ActiveCfg = Release|Any CPU
		{26FFAA47-6933-47B2-8960-913C5054BE89}.Release|iPhoneSimulator.ActiveCfg = Release|Any CPU
		{26FFAA47-6933-47B2-8960-913C5054BE89}.Release|Mixed Platforms.ActiveCfg = Release|x86
		{26FFAA47-6933-47B2-8960-913C5054BE89}.Release|Mixed Platforms.Build.0 = Release|x86
		{26FFAA47-6933-47B2-8960-913C5054BE89}.Release|Mixed Platforms.Deploy.0 = Release|x86
		{26FFAA47-6933-47B2-8960-913C5054BE89}.Release|x64.ActiveCfg = Release|x64
		{26FFAA47-6933-47B2-8960-913C5054BE89}.Release|x64.Build.0 = Release|x64
		{26FFAA47-6933-47B2-8960-913C5054BE89}.Release|x64.Deploy.0 = Release|x64
		{26FFAA47-6933-47B2-8960-913C5054BE89}.Release|x86.ActiveCfg = Release|x86
		{26FFAA47-6933-47B2-8960-913C5054BE89}.Release|x86.Build.0 = Release|x86
		{26FFAA47-6933-47B2-8960-913C5054BE89}.Release|x86.Deploy.0 = Release|x86
	EndGlobalSection
	GlobalSection(SolutionProperties) = preSolution
		HideSolutionNode = FALSE
	EndGlobalSection
EndGlobal
